// !$*UTF8*$!
{
	archiveVersion = 1;
	classes = {
	};
	objectVersion = 46;
	objects = {

/* Begin PBXBuildFile section */
		770A1EAA19FAA5D400004BF7 /* main.m in Sources */ = {isa = PBXBuildFile; fileRef = 770A1EA919FAA5D400004BF7 /* main.m */; };
		770A1EAD19FAA5D400004BF7 /* AppDelegate.m in Sources */ = {isa = PBXBuildFile; fileRef = 770A1EAC19FAA5D400004BF7 /* AppDelegate.m */; };
		770A1EB319FAA5D400004BF7 /* Main.storyboard in Resources */ = {isa = PBXBuildFile; fileRef = 770A1EB119FAA5D400004BF7 /* Main.storyboard */; };
		770A1EB519FAA5D400004BF7 /* Images.xcassets in Resources */ = {isa = PBXBuildFile; fileRef = 770A1EB419FAA5D400004BF7 /* Images.xcassets */; };
		770A1EB819FAA5D400004BF7 /* LaunchScreen.xib in Resources */ = {isa = PBXBuildFile; fileRef = 770A1EB619FAA5D400004BF7 /* LaunchScreen.xib */; };
		770A1EC419FAA5D400004BF7 /* RKtimeLineCollectionViewTests.m in Sources */ = {isa = PBXBuildFile; fileRef = 770A1EC319FAA5D400004BF7 /* RKtimeLineCollectionViewTests.m */; };
		770A1ED019FAA8D100004BF7 /* RKTransitionController.m in Sources */ = {isa = PBXBuildFile; fileRef = 770A1ECF19FAA8D100004BF7 /* RKTransitionController.m */; };
		770A1ED319FAA9C700004BF7 /* RKTransitionLayout.m in Sources */ = {isa = PBXBuildFile; fileRef = 770A1ED219FAA9C700004BF7 /* RKTransitionLayout.m */; };
		770A1ED719FAAB3300004BF7 /* RKPaperCollectionViewController.m in Sources */ = {isa = PBXBuildFile; fileRef = 770A1ED619FAAB3300004BF7 /* RKPaperCollectionViewController.m */; };
		770A1EDB19FAAC6700004BF7 /* RKCollectionViewLargeLayout.m in Sources */ = {isa = PBXBuildFile; fileRef = 770A1EDA19FAAC6700004BF7 /* RKCollectionViewLargeLayout.m */; };
		770A1EDE19FAACBD00004BF7 /* RKCollectionViewSmallLayout.m in Sources */ = {isa = PBXBuildFile; fileRef = 770A1EDD19FAACBD00004BF7 /* RKCollectionViewSmallLayout.m */; };
		770A1EE619FAAD0A00004BF7 /* 2.png in Resources */ = {isa = PBXBuildFile; fileRef = 770A1EE019FAAD0A00004BF7 /* 2.png */; };
		770A1EE719FAAD0A00004BF7 /* fake-cell@2x.png in Resources */ = {isa = PBXBuildFile; fileRef = 770A1EE119FAAD0A00004BF7 /* fake-cell@2x.png */; };
		770A1EE819FAAD0A00004BF7 /* five.jpg in Resources */ = {isa = PBXBuildFile; fileRef = 770A1EE219FAAD0A00004BF7 /* five.jpg */; };
		770A1EE919FAAD0A00004BF7 /* one.jpg in Resources */ = {isa = PBXBuildFile; fileRef = 770A1EE319FAAD0A00004BF7 /* one.jpg */; };
		770A1EEA19FAAD0A00004BF7 /* three.png in Resources */ = {isa = PBXBuildFile; fileRef = 770A1EE419FAAD0A00004BF7 /* three.png */; };
		770A1EEB19FAAD0A00004BF7 /* two.jpg in Resources */ = {isa = PBXBuildFile; fileRef = 770A1EE519FAAD0A00004BF7 /* two.jpg */; };
		770A1EEF19FAAD7700004BF7 /* MainCollectionView.m in Sources */ = {isa = PBXBuildFile; fileRef = 770A1EEE19FAAD7700004BF7 /* MainCollectionView.m */; };
/* End PBXBuildFile section */

/* Begin PBXContainerItemProxy section */
		770A1EBE19FAA5D400004BF7 /* PBXContainerItemProxy */ = {
			isa = PBXContainerItemProxy;
			containerPortal = 770A1E9C19FAA5D400004BF7 /* Project object */;
			proxyType = 1;
			remoteGlobalIDString = 770A1EA319FAA5D400004BF7;
			remoteInfo = RKtimeLineCollectionView;
		};
/* End PBXContainerItemProxy section */

/* Begin PBXFileReference section */
		770A1EA419FAA5D400004BF7 /* RKtimeLineCollectionView.app */ = {isa = PBXFileReference; explicitFileType = wrapper.application; includeInIndex = 0; path = RKtimeLineCollectionView.app; sourceTree = BUILT_PRODUCTS_DIR; };
		770A1EA819FAA5D400004BF7 /* Info.plist */ = {isa = PBXFileReference; lastKnownFileType = text.plist.xml; path = Info.plist; sourceTree = "<group>"; };
		770A1EA919FAA5D400004BF7 /* main.m */ = {isa = PBXFileReference; lastKnownFileType = sourcecode.c.objc; path = main.m; sourceTree = "<group>"; };
		770A1EAB19FAA5D400004BF7 /* AppDelegate.h */ = {isa = PBXFileReference; lastKnownFileType = sourcecode.c.h; path = AppDelegate.h; sourceTree = "<group>"; };
		770A1EAC19FAA5D400004BF7 /* AppDelegate.m */ = {isa = PBXFileReference; lastKnownFileType = sourcecode.c.objc; path = AppDelegate.m; sourceTree = "<group>"; };
		770A1EB219FAA5D400004BF7 /* Base */ = {isa = PBXFileReference; lastKnownFileType = file.storyboard; name = Base; path = Base.lproj/Main.storyboard; sourceTree = "<group>"; };
		770A1EB419FAA5D400004BF7 /* Images.xcassets */ = {isa = PBXFileReference; lastKnownFileType = folder.assetcatalog; path = Images.xcassets; sourceTree = "<group>"; };
		770A1EB719FAA5D400004BF7 /* Base */ = {isa = PBXFileReference; lastKnownFileType = file.xib; name = Base; path = Base.lproj/LaunchScreen.xib; sourceTree = "<group>"; };
		770A1EBD19FAA5D400004BF7 /* RKtimeLineCollectionViewTests.xctest */ = {isa = PBXFileReference; explicitFileType = wrapper.cfbundle; includeInIndex = 0; path = RKtimeLineCollectionViewTests.xctest; sourceTree = BUILT_PRODUCTS_DIR; };
		770A1EC219FAA5D400004BF7 /* Info.plist */ = {isa = PBXFileReference; lastKnownFileType = text.plist.xml; path = Info.plist; sourceTree = "<group>"; };
		770A1EC319FAA5D400004BF7 /* RKtimeLineCollectionViewTests.m */ = {isa = PBXFileReference; lastKnownFileType = sourcecode.c.objc; path = RKtimeLineCollectionViewTests.m; sourceTree = "<group>"; };
		770A1ECD19FAA87100004BF7 /* PrefixHeader.pch */ = {isa = PBXFileReference; lastKnownFileType = sourcecode.c.h; name = PrefixHeader.pch; path = ../PrefixHeader.pch; sourceTree = "<group>"; };
		770A1ECE19FAA8D100004BF7 /* RKTransitionController.h */ = {isa = PBXFileReference; fileEncoding = 4; lastKnownFileType = sourcecode.c.h; path = RKTransitionController.h; sourceTree = "<group>"; };
		770A1ECF19FAA8D100004BF7 /* RKTransitionController.m */ = {isa = PBXFileReference; fileEncoding = 4; lastKnownFileType = sourcecode.c.objc; path = RKTransitionController.m; sourceTree = "<group>"; };
		770A1ED119FAA9C700004BF7 /* RKTransitionLayout.h */ = {isa = PBXFileReference; fileEncoding = 4; lastKnownFileType = sourcecode.c.h; path = RKTransitionLayout.h; sourceTree = "<group>"; };
		770A1ED219FAA9C700004BF7 /* RKTransitionLayout.m */ = {isa = PBXFileReference; fileEncoding = 4; lastKnownFileType = sourcecode.c.objc; path = RKTransitionLayout.m; sourceTree = "<group>"; };
		770A1ED519FAAB3300004BF7 /* RKPaperCollectionViewController.h */ = {isa = PBXFileReference; fileEncoding = 4; lastKnownFileType = sourcecode.c.h; path = RKPaperCollectionViewController.h; sourceTree = "<group>"; };
		770A1ED619FAAB3300004BF7 /* RKPaperCollectionViewController.m */ = {isa = PBXFileReference; fileEncoding = 4; lastKnownFileType = sourcecode.c.objc; path = RKPaperCollectionViewController.m; sourceTree = "<group>"; };
		770A1ED919FAAC6700004BF7 /* RKCollectionViewLargeLayout.h */ = {isa = PBXFileReference; fileEncoding = 4; lastKnownFileType = sourcecode.c.h; path = RKCollectionViewLargeLayout.h; sourceTree = "<group>"; };
		770A1EDA19FAAC6700004BF7 /* RKCollectionViewLargeLayout.m */ = {isa = PBXFileReference; fileEncoding = 4; lastKnownFileType = sourcecode.c.objc; path = RKCollectionViewLargeLayout.m; sourceTree = "<group>"; };
		770A1EDC19FAACBD00004BF7 /* RKCollectionViewSmallLayout.h */ = {isa = PBXFileReference; fileEncoding = 4; lastKnownFileType = sourcecode.c.h; path = RKCollectionViewSmallLayout.h; sourceTree = "<group>"; };
		770A1EDD19FAACBD00004BF7 /* RKCollectionViewSmallLayout.m */ = {isa = PBXFileReference; fileEncoding = 4; lastKnownFileType = sourcecode.c.objc; path = RKCollectionViewSmallLayout.m; sourceTree = "<group>"; };
		770A1EE019FAAD0A00004BF7 /* 2.png */ = {isa = PBXFileReference; lastKnownFileType = image.png; path = 2.png; sourceTree = "<group>"; };
		770A1EE119FAAD0A00004BF7 /* fake-cell@2x.png */ = {isa = PBXFileReference; lastKnownFileType = image.png; path = "fake-cell@2x.png"; sourceTree = "<group>"; };
		770A1EE219FAAD0A00004BF7 /* five.jpg */ = {isa = PBXFileReference; lastKnownFileType = image.jpeg; path = five.jpg; sourceTree = "<group>"; };
		770A1EE319FAAD0A00004BF7 /* one.jpg */ = {isa = PBXFileReference; lastKnownFileType = image.jpeg; path = one.jpg; sourceTree = "<group>"; };
		770A1EE419FAAD0A00004BF7 /* three.png */ = {isa = PBXFileReference; lastKnownFileType = image.png; path = three.png; sourceTree = "<group>"; };
		770A1EE519FAAD0A00004BF7 /* two.jpg */ = {isa = PBXFileReference; lastKnownFileType = image.jpeg; path = two.jpg; sourceTree = "<group>"; };
		770A1EED19FAAD7700004BF7 /* MainCollectionView.h */ = {isa = PBXFileReference; fileEncoding = 4; lastKnownFileType = sourcecode.c.h; name = MainCollectionView.h; path = ../MainCollectionView.h; sourceTree = "<group>"; };
		770A1EEE19FAAD7700004BF7 /* MainCollectionView.m */ = {isa = PBXFileReference; fileEncoding = 4; lastKnownFileType = sourcecode.c.objc; name = MainCollectionView.m; path = ../MainCollectionView.m; sourceTree = "<group>"; };
/* End PBXFileReference section */

/* Begin PBXFrameworksBuildPhase section */
		770A1EA119FAA5D400004BF7 /* Frameworks */ = {
			isa = PBXFrameworksBuildPhase;
			buildActionMask = 2147483647;
			files = (
			);
			runOnlyForDeploymentPostprocessing = 0;
		};
		770A1EBA19FAA5D400004BF7 /* Frameworks */ = {
			isa = PBXFrameworksBuildPhase;
			buildActionMask = 2147483647;
			files = (
			);
			runOnlyForDeploymentPostprocessing = 0;
		};
/* End PBXFrameworksBuildPhase section */

/* Begin PBXGroup section */
		770A1E9B19FAA5D400004BF7 = {
			isa = PBXGroup;
			children = (
				770A1EA619FAA5D400004BF7 /* RKtimeLineCollectionView */,
				770A1EC019FAA5D400004BF7 /* RKtimeLineCollectionViewTests */,
				770A1EA519FAA5D400004BF7 /* Products */,
			);
			sourceTree = "<group>";
		};
		770A1EA519FAA5D400004BF7 /* Products */ = {
			isa = PBXGroup;
			children = (
				770A1EA419FAA5D400004BF7 /* RKtimeLineCollectionView.app */,
				770A1EBD19FAA5D400004BF7 /* RKtimeLineCollectionViewTests.xctest */,
			);
			name = Products;
			sourceTree = "<group>";
		};
		770A1EA619FAA5D400004BF7 /* RKtimeLineCollectionView */ = {
			isa = PBXGroup;
			children = (
				770A1EF019FAAEC600004BF7 /* RKTimeLineClass */,
				770A1EAB19FAA5D400004BF7 /* AppDelegate.h */,
				770A1EAC19FAA5D400004BF7 /* AppDelegate.m */,
				770A1EED19FAAD7700004BF7 /* MainCollectionView.h */,
				770A1EEE19FAAD7700004BF7 /* MainCollectionView.m */,
				770A1EB119FAA5D400004BF7 /* Main.storyboard */,
				770A1EB419FAA5D400004BF7 /* Images.xcassets */,
				770A1EB619FAA5D400004BF7 /* LaunchScreen.xib */,
				770A1EA719FAA5D400004BF7 /* Supporting Files */,
			);
			path = RKtimeLineCollectionView;
			sourceTree = "<group>";
		};
		770A1EA719FAA5D400004BF7 /* Supporting Files */ = {
			isa = PBXGroup;
			children = (
				770A1EA819FAA5D400004BF7 /* Info.plist */,
				770A1EA919FAA5D400004BF7 /* main.m */,
			);
			name = "Supporting Files";
			sourceTree = "<group>";
		};
		770A1EC019FAA5D400004BF7 /* RKtimeLineCollectionViewTests */ = {
			isa = PBXGroup;
			children = (
				770A1EC319FAA5D400004BF7 /* RKtimeLineCollectionViewTests.m */,
				770A1EC119FAA5D400004BF7 /* Supporting Files */,
			);
			path = RKtimeLineCollectionViewTests;
			sourceTree = "<group>";
		};
		770A1EC119FAA5D400004BF7 /* Supporting Files */ = {
			isa = PBXGroup;
			children = (
				770A1EC219FAA5D400004BF7 /* Info.plist */,
				770A1ECD19FAA87100004BF7 /* PrefixHeader.pch */,
			);
			name = "Supporting Files";
			sourceTree = "<group>";
		};
		770A1ED419FAAADA00004BF7 /* Transition Class */ = {
			isa = PBXGroup;
			children = (
				770A1ED119FAA9C700004BF7 /* RKTransitionLayout.h */,
				770A1ED219FAA9C700004BF7 /* RKTransitionLayout.m */,
				770A1ECE19FAA8D100004BF7 /* RKTransitionController.h */,
				770A1ECF19FAA8D100004BF7 /* RKTransitionController.m */,
			);
			name = "Transition Class";
			path = ..;
			sourceTree = "<group>";
		};
		770A1ED819FAABD000004BF7 /* Base Collection Class */ = {
			isa = PBXGroup;
			children = (
				770A1ED519FAAB3300004BF7 /* RKPaperCollectionViewController.h */,
				770A1ED619FAAB3300004BF7 /* RKPaperCollectionViewController.m */,
			);
			name = "Base Collection Class";
			path = ..;
			sourceTree = "<group>";
		};
		770A1EDF19FAACD300004BF7 /* Base Layout */ = {
			isa = PBXGroup;
			children = (
				770A1EDC19FAACBD00004BF7 /* RKCollectionViewSmallLayout.h */,
				770A1EDD19FAACBD00004BF7 /* RKCollectionViewSmallLayout.m */,
				770A1ED919FAAC6700004BF7 /* RKCollectionViewLargeLayout.h */,
				770A1EDA19FAAC6700004BF7 /* RKCollectionViewLargeLayout.m */,
			);
			name = "Base Layout";
			path = ..;
			sourceTree = "<group>";
		};
		770A1EEC19FAAD1100004BF7 /* ClassImage */ = {
			isa = PBXGroup;
			children = (
				770A1EE019FAAD0A00004BF7 /* 2.png */,
				770A1EE119FAAD0A00004BF7 /* fake-cell@2x.png */,
				770A1EE219FAAD0A00004BF7 /* five.jpg */,
				770A1EE319FAAD0A00004BF7 /* one.jpg */,
				770A1EE419FAAD0A00004BF7 /* three.png */,
				770A1EE519FAAD0A00004BF7 /* two.jpg */,
			);
			name = ClassImage;
			path = ..;
			sourceTree = "<group>";
		};
		770A1EF019FAAEC600004BF7 /* RKTimeLineClass */ = {
			isa = PBXGroup;
			children = (
				770A1EEC19FAAD1100004BF7 /* ClassImage */,
				770A1EDF19FAACD300004BF7 /* Base Layout */,
				770A1ED819FAABD000004BF7 /* Base Collection Class */,
				770A1ED419FAAADA00004BF7 /* Transition Class */,
			);
			name = RKTimeLineClass;
			sourceTree = "<group>";
		};
/* End PBXGroup section */

/* Begin PBXNativeTarget section */
		770A1EA319FAA5D400004BF7 /* RKtimeLineCollectionView */ = {
			isa = PBXNativeTarget;
			buildConfigurationList = 770A1EC719FAA5D400004BF7 /* Build configuration list for PBXNativeTarget "RKtimeLineCollectionView" */;
			buildPhases = (
				770A1EA019FAA5D400004BF7 /* Sources */,
				770A1EA119FAA5D400004BF7 /* Frameworks */,
				770A1EA219FAA5D400004BF7 /* Resources */,
			);
			buildRules = (
			);
			dependencies = (
			);
			name = RKtimeLineCollectionView;
			productName = RKtimeLineCollectionView;
			productReference = 770A1EA419FAA5D400004BF7 /* RKtimeLineCollectionView.app */;
			productType = "com.apple.product-type.application";
		};
		770A1EBC19FAA5D400004BF7 /* RKtimeLineCollectionViewTests */ = {
			isa = PBXNativeTarget;
			buildConfigurationList = 770A1ECA19FAA5D400004BF7 /* Build configuration list for PBXNativeTarget "RKtimeLineCollectionViewTests" */;
			buildPhases = (
				770A1EB919FAA5D400004BF7 /* Sources */,
				770A1EBA19FAA5D400004BF7 /* Frameworks */,
				770A1EBB19FAA5D400004BF7 /* Resources */,
			);
			buildRules = (
			);
			dependencies = (
				770A1EBF19FAA5D400004BF7 /* PBXTargetDependency */,
			);
			name = RKtimeLineCollectionViewTests;
			productName = RKtimeLineCollectionViewTests;
			productReference = 770A1EBD19FAA5D400004BF7 /* RKtimeLineCollectionViewTests.xctest */;
			productType = "com.apple.product-type.bundle.unit-test";
		};
/* End PBXNativeTarget section */

/* Begin PBXProject section */
		770A1E9C19FAA5D400004BF7 /* Project object */ = {
			isa = PBXProject;
			attributes = {
				LastUpgradeCheck = 0610;
				ORGANIZATIONNAME = RyousukeKushihata;
				TargetAttributes = {
					770A1EA319FAA5D400004BF7 = {
						CreatedOnToolsVersion = 6.1;
					};
					770A1EBC19FAA5D400004BF7 = {
						CreatedOnToolsVersion = 6.1;
						TestTargetID = 770A1EA319FAA5D400004BF7;
					};
				};
			};
			buildConfigurationList = 770A1E9F19FAA5D400004BF7 /* Build configuration list for PBXProject "RKtimeLineCollectionView" */;
			compatibilityVersion = "Xcode 3.2";
			developmentRegion = English;
			hasScannedForEncodings = 0;
			knownRegions = (
				en,
				Base,
			);
			mainGroup = 770A1E9B19FAA5D400004BF7;
			productRefGroup = 770A1EA519FAA5D400004BF7 /* Products */;
			projectDirPath = "";
			projectRoot = "";
			targets = (
				770A1EA319FAA5D400004BF7 /* RKtimeLineCollectionView */,
				770A1EBC19FAA5D400004BF7 /* RKtimeLineCollectionViewTests */,
			);
		};
/* End PBXProject section */

/* Begin PBXResourcesBuildPhase section */
		770A1EA219FAA5D400004BF7 /* Resources */ = {
			isa = PBXResourcesBuildPhase;
			buildActionMask = 2147483647;
			files = (
				770A1EEB19FAAD0A00004BF7 /* two.jpg in Resources */,
				770A1EE719FAAD0A00004BF7 /* fake-cell@2x.png in Resources */,
				770A1EE819FAAD0A00004BF7 /* five.jpg in Resources */,
				770A1EB319FAA5D400004BF7 /* Main.storyboard in Resources */,
				770A1EB819FAA5D400004BF7 /* LaunchScreen.xib in Resources */,
				770A1EEA19FAAD0A00004BF7 /* three.png in Resources */,
				770A1EE619FAAD0A00004BF7 /* 2.png in Resources */,
				770A1EE919FAAD0A00004BF7 /* one.jpg in Resources */,
				770A1EB519FAA5D400004BF7 /* Images.xcassets in Resources */,
			);
			runOnlyForDeploymentPostprocessing = 0;
		};
		770A1EBB19FAA5D400004BF7 /* Resources */ = {
			isa = PBXResourcesBuildPhase;
			buildActionMask = 2147483647;
			files = (
			);
			runOnlyForDeploymentPostprocessing = 0;
		};
/* End PBXResourcesBuildPhase section */

/* Begin PBXSourcesBuildPhase section */
		770A1EA019FAA5D400004BF7 /* Sources */ = {
			isa = PBXSourcesBuildPhase;
			buildActionMask = 2147483647;
			files = (
				770A1ED319FAA9C700004BF7 /* RKTransitionLayout.m in Sources */,
				770A1ED719FAAB3300004BF7 /* RKPaperCollectionViewController.m in Sources */,
				770A1EDE19FAACBD00004BF7 /* RKCollectionViewSmallLayout.m in Sources */,
				770A1EDB19FAAC6700004BF7 /* RKCollectionViewLargeLayout.m in Sources */,
				770A1EAD19FAA5D400004BF7 /* AppDelegate.m in Sources */,
				770A1EAA19FAA5D400004BF7 /* main.m in Sources */,
				770A1ED019FAA8D100004BF7 /* RKTransitionController.m in Sources */,
				770A1EEF19FAAD7700004BF7 /* MainCollectionView.m in Sources */,
			);
			runOnlyForDeploymentPostprocessing = 0;
		};
		770A1EB919FAA5D400004BF7 /* Sources */ = {
			isa = PBXSourcesBuildPhase;
			buildActionMask = 2147483647;
			files = (
				770A1EC419FAA5D400004BF7 /* RKtimeLineCollectionViewTests.m in Sources */,
			);
			runOnlyForDeploymentPostprocessing = 0;
		};
/* End PBXSourcesBuildPhase section */

/* Begin PBXTargetDependency section */
		770A1EBF19FAA5D400004BF7 /* PBXTargetDependency */ = {
			isa = PBXTargetDependency;
			target = 770A1EA319FAA5D400004BF7 /* RKtimeLineCollectionView */;
			targetProxy = 770A1EBE19FAA5D400004BF7 /* PBXContainerItemProxy */;
		};
/* End PBXTargetDependency section */

/* Begin PBXVariantGroup section */
		770A1EB119FAA5D400004BF7 /* Main.storyboard */ = {
			isa = PBXVariantGroup;
			children = (
				770A1EB219FAA5D400004BF7 /* Base */,
			);
			name = Main.storyboard;
			sourceTree = "<group>";
		};
		770A1EB619FAA5D400004BF7 /* LaunchScreen.xib */ = {
			isa = PBXVariantGroup;
			children = (
				770A1EB719FAA5D400004BF7 /* Base */,
			);
			name = LaunchScreen.xib;
			sourceTree = "<group>";
		};
/* End PBXVariantGroup section */

/* Begin XCBuildConfiguration section */
		770A1EC519FAA5D400004BF7 /* Debug */ = {
			isa = XCBuildConfiguration;
			buildSettings = {
				ALWAYS_SEARCH_USER_PATHS = NO;
				CLANG_CXX_LANGUAGE_STANDARD = "gnu++0x";
				CLANG_CXX_LIBRARY = "libc++";
				CLANG_ENABLE_MODULES = YES;
				CLANG_ENABLE_OBJC_ARC = YES;
				CLANG_WARN_BOOL_CONVERSION = YES;
				CLANG_WARN_CONSTANT_CONVERSION = YES;
				CLANG_WARN_DIRECT_OBJC_ISA_USAGE = YES_ERROR;
				CLANG_WARN_EMPTY_BODY = YES;
				CLANG_WARN_ENUM_CONVERSION = YES;
				CLANG_WARN_INT_CONVERSION = YES;
				CLANG_WARN_OBJC_ROOT_CLASS = YES_ERROR;
				CLANG_WARN_UNREACHABLE_CODE = YES;
				CLANG_WARN__DUPLICATE_METHOD_MATCH = YES;
				"CODE_SIGN_IDENTITY[sdk=iphoneos*]" = "iPhone Developer";
				COPY_PHASE_STRIP = NO;
				ENABLE_STRICT_OBJC_MSGSEND = YES;
				GCC_C_LANGUAGE_STANDARD = gnu99;
				GCC_DYNAMIC_NO_PIC = NO;
				GCC_OPTIMIZATION_LEVEL = 0;
				GCC_PREPROCESSOR_DEFINITIONS = (
					"DEBUG=1",
					"$(inherited)",
				);
				GCC_SYMBOLS_PRIVATE_EXTERN = NO;
				GCC_WARN_64_TO_32_BIT_CONVERSION = YES;
				GCC_WARN_ABOUT_RETURN_TYPE = YES_ERROR;
				GCC_WARN_UNDECLARED_SELECTOR = YES;
				GCC_WARN_UNINITIALIZED_AUTOS = YES_AGGRESSIVE;
				GCC_WARN_UNUSED_FUNCTION = YES;
				GCC_WARN_UNUSED_VARIABLE = YES;
				IPHONEOS_DEPLOYMENT_TARGET = 8.1;
				MTL_ENABLE_DEBUG_INFO = YES;
				ONLY_ACTIVE_ARCH = YES;
				SDKROOT = iphoneos;
				TARGETED_DEVICE_FAMILY = "1,2";
			};
			name = Debug;
		};
		770A1EC619FAA5D400004BF7 /* Release */ = {
			isa = XCBuildConfiguration;
			buildSettings = {
				ALWAYS_SEARCH_USER_PATHS = NO;
				CLANG_CXX_LANGUAGE_STANDARD = "gnu++0x";
				CLANG_CXX_LIBRARY = "libc++";
				CLANG_ENABLE_MODULES = YES;
				CLANG_ENABLE_OBJC_ARC = YES;
				CLANG_WARN_BOOL_CONVERSION = YES;
				CLANG_WARN_CONSTANT_CONVERSION = YES;
				CLANG_WARN_DIRECT_OBJC_ISA_USAGE = YES_ERROR;
				CLANG_WARN_EMPTY_BODY = YES;
				CLANG_WARN_ENUM_CONVERSION = YES;
				CLANG_WARN_INT_CONVERSION = YES;
				CLANG_WARN_OBJC_ROOT_CLASS = YES_ERROR;
				CLANG_WARN_UNREACHABLE_CODE = YES;
				CLANG_WARN__DUPLICATE_METHOD_MATCH = YES;
				"CODE_SIGN_IDENTITY[sdk=iphoneos*]" = "iPhone Developer";
				COPY_PHASE_STRIP = YES;
				ENABLE_NS_ASSERTIONS = NO;
				ENABLE_STRICT_OBJC_MSGSEND = YES;
				GCC_C_LANGUAGE_STANDARD = gnu99;
				GCC_WARN_64_TO_32_BIT_CONVERSION = YES;
				GCC_WARN_ABOUT_RETURN_TYPE = YES_ERROR;
				GCC_WARN_UNDECLARED_SELECTOR = YES;
				GCC_WARN_UNINITIALIZED_AUTOS = YES_AGGRESSIVE;
				GCC_WARN_UNUSED_FUNCTION = YES;
				GCC_WARN_UNUSED_VARIABLE = YES;
				IPHONEOS_DEPLOYMENT_TARGET = 8.1;
				MTL_ENABLE_DEBUG_INFO = NO;
				SDKROOT = iphoneos;
				TARGETED_DEVICE_FAMILY = "1,2";
				VALIDATE_PRODUCT = YES;
			};
			name = Release;
		};
		770A1EC819FAA5D400004BF7 /* Debug */ = {
			isa = XCBuildConfiguration;
			buildSettings = {
				ASSETCATALOG_COMPILER_APPICON_NAME = AppIcon;
				INFOPLIST_FILE = RKtimeLineCollectionView/Info.plist;
				LD_RUNPATH_SEARCH_PATHS = "$(inherited) @executable_path/Frameworks";
				PRODUCT_NAME = "$(TARGET_NAME)";
			};
			name = Debug;
		};
		770A1EC919FAA5D400004BF7 /* Release */ = {
			isa = XCBuildConfiguration;
			buildSettings = {
				ASSETCATALOG_COMPILER_APPICON_NAME = AppIcon;
				INFOPLIST_FILE = RKtimeLineCollectionView/Info.plist;
				LD_RUNPATH_SEARCH_PATHS = "$(inherited) @executable_path/Frameworks";
				PRODUCT_NAME = "$(TARGET_NAME)";
			};
			name = Release;
		};
		770A1ECB19FAA5D400004BF7 /* Debug */ = {
			isa = XCBuildConfiguration;
			buildSettings = {
				BUNDLE_LOADER = "$(TEST_HOST)";
				FRAMEWORK_SEARCH_PATHS = (
					"$(SDKROOT)/Developer/Library/Frameworks",
					"$(inherited)",
				);
				GCC_PREPROCESSOR_DEFINITIONS = (
					"DEBUG=1",
					"$(inherited)",
				);
				INFOPLIST_FILE = RKtimeLineCollectionViewTests/Info.plist;
				LD_RUNPATH_SEARCH_PATHS = "$(inherited) @executable_path/Frameworks @loader_path/Frameworks";
				PRODUCT_NAME = "$(TARGET_NAME)";
				TEST_HOST = "$(BUILT_PRODUCTS_DIR)/RKtimeLineCollectionView.app/RKtimeLineCollectionView";
			};
			name = Debug;
		};
		770A1ECC19FAA5D400004BF7 /* Release */ = {
			isa = XCBuildConfiguration;
			buildSettings = {
				BUNDLE_LOADER = "$(TEST_HOST)";
				FRAMEWORK_SEARCH_PATHS = (
					"$(SDKROOT)/Developer/Library/Frameworks",
					"$(inherited)",
				);
				INFOPLIST_FILE = RKtimeLineCollectionViewTests/Info.plist;
				LD_RUNPATH_SEARCH_PATHS = "$(inherited) @executable_path/Frameworks @loader_path/Frameworks";
				PRODUCT_NAME = "$(TARGET_NAME)";
				TEST_HOST = "$(BUILT_PRODUCTS_DIR)/RKtimeLineCollectionView.app/RKtimeLineCollectionView";
			};
			name = Release;
		};
/* End XCBuildConfiguration section */

/* Begin XCConfigurationList section */
		770A1E9F19FAA5D400004BF7 /* Build configuration list for PBXProject "RKtimeLineCollectionView" */ = {
			isa = XCConfigurationList;
			buildConfigurations = (
				770A1EC519FAA5D400004BF7 /* Debug */,
				770A1EC619FAA5D400004BF7 /* Release */,
			);
			defaultConfigurationIsVisible = 0;
			defaultConfigurationName = Release;
		};
		770A1EC719FAA5D400004BF7 /* Build configuration list for PBXNativeTarget "RKtimeLineCollectionView" */ = {
			isa = XCConfigurationList;
			buildConfigurations = (
				770A1EC819FAA5D400004BF7 /* Debug */,
				770A1EC919FAA5D400004BF7 /* Release */,
			);
			defaultConfigurationIsVisible = 0;
			defaultConfigurationName = Release;
		};
		770A1ECA19FAA5D400004BF7 /* Build configuration list for PBXNativeTarget "RKtimeLineCollectionViewTests" */ = {
			isa = XCConfigurationList;
			buildConfigurations = (
				770A1ECB19FAA5D400004BF7 /* Debug */,
				770A1ECC19FAA5D400004BF7 /* Release */,
			);
			defaultConfigurationIsVisible = 0;
			defaultConfigurationName = Release;
		};
/* End XCConfigurationList section */
	};
	rootObject = 770A1E9C19FAA5D400004BF7 /* Project object */;
}
